
Microsoft Visual Studio Solution File, Format Version 12.00
# Visual Studio 15
VisualStudioVersion = 15.0.28307.572
MinimumVisualStudioVersion = 10.0.40219.1
Project("{FAE04EC0-301F-11D3-BF4B-00C04F79EFBC}") = "UnitTestBudget", "UnitTestBudget\UnitTestBudget.csproj", "{F247962A-520C-480E-ADB1-D97CC6C2CBFF}"
EndProject
Global
	GlobalSection(SolutionConfigurationPlatforms) = preSolution
		Debug|Any CPU = Debug|Any CPU
		Release|Any CPU = Release|Any CPU
	EndGlobalSection
	GlobalSection(ProjectConfigurationPlatforms) = postSolution
		{F247962A-520C-480E-ADB1-D97CC6C2CBFF}.Debug|Any CPU.ActiveCfg = Debug|Any CPU
		{F247962A-520C-480E-ADB1-D97CC6C2CBFF}.Debug|Any CPU.Build.0 = Debug|Any CPU
		{F247962A-520C-480E-ADB1-D97CC6C2CBFF}.Release|Any CPU.ActiveCfg = Release|Any CPU
		{F247962A-520C-480E-ADB1-D97CC6C2CBFF}.Release|Any CPU.Build.0 = Release|Any CPU
	EndGlobalSection
	GlobalSection(SolutionProperties) = preSolution
		HideSolutionNode = FALSE
	EndGlobalSection
	GlobalSection(ExtensibilityGlobals) = postSolution
		SolutionGuid = {3B44A057-5B41-4194-88F1-7605A3848CD6}
	EndGlobalSection
EndGlobal
